
Microsoft Visual Studio Solution File, Format Version 12.00
# Visual Studio Version 17
VisualStudioVersion = 17.10.35013.160
MinimumVisualStudioVersion = 10.0.40219.1
Project("{2150E333-8FDC-42A3-9474-1A3956D46DE8}") = "src", "src", "{E7BA0CFE-1208-4C4E-82EA-B0138B1335E3}"
EndProject
Project("{2150E333-8FDC-42A3-9474-1A3956D46DE8}") = "Services", "Services", "{23BB15BB-C943-4448-99C8-F844D16DBC34}"
EndProject
Project("{2150E333-8FDC-42A3-9474-1A3956D46DE8}") = "Shared", "Shared", "{AE14F761-1B1A-42C9-A09C-4EB24A7AD599}"
EndProject
Project("{2150E333-8FDC-42A3-9474-1A3956D46DE8}") = "OrderService", "OrderService", "{49EF064B-8C34-48BD-84B2-2AD221A3034B}"
EndProject
Project("{2150E333-8FDC-42A3-9474-1A3956D46DE8}") = "StockService", "StockService", "{D06EE74A-CB55-4842-A062-2A3EA3F0BE67}"
EndProject
Project("{2150E333-8FDC-42A3-9474-1A3956D46DE8}") = "ProductService", "ProductService", "{0ED6D075-8FDD-42BC-8662-15ED8F123FC4}"
EndProject
Project("{2150E333-8FDC-42A3-9474-1A3956D46DE8}") = "PaymentService", "PaymentService", "{231C9ECD-E9CD-4B65-91A6-A8D4F48A7B9D}"
EndProject
Project("{2150E333-8FDC-42A3-9474-1A3956D46DE8}") = "CompanyService", "CompanyService", "{7137BF80-2AF9-4AF5-ADFF-7DFB27D45494}"
EndProject
Project("{9A19103F-16F7-4668-BE54-9A1E7A4F7556}") = "Order.EntityLayer", "src\Services\OrderService\Order.EntityLayer\Order.EntityLayer.csproj", "{1BA8460D-22A5-4814-9740-F32664ECBD7E}"
EndProject
Project("{9A19103F-16F7-4668-BE54-9A1E7A4F7556}") = "Order.DataAccessLayer", "src\Services\OrderService\Order.DataAccessLayer\Order.DataAccessLayer.csproj", "{B0CFDD6C-B603-4F2B-9A54-FEF085731416}"
EndProject
Project("{9A19103F-16F7-4668-BE54-9A1E7A4F7556}") = "Order.BusinessLayer", "src\Services\OrderService\Order.BusinessLayer\Order.BusinessLayer.csproj", "{D6E4AB35-D35A-4C85-A93A-9D86D37B8902}"
EndProject
Project("{9A19103F-16F7-4668-BE54-9A1E7A4F7556}") = "Order.WebApi", "src\Services\OrderService\Order.WebApi\Order.WebApi.csproj", "{62804E14-68CF-4537-B04A-77C1E8A6F69E}"
EndProject
Project("{9A19103F-16F7-4668-BE54-9A1E7A4F7556}") = "Payment.EntityLayer", "src\Services\PaymentService\Payment.EntityLayer\Payment.EntityLayer.csproj", "{889E8FD5-1A36-403B-B1A8-02E451E17827}"
EndProject
Project("{9A19103F-16F7-4668-BE54-9A1E7A4F7556}") = "Payment.DataAccessLayer", "src\Services\PaymentService\Payment.DataAccessLayer\Payment.DataAccessLayer.csproj", "{0F8F717D-E9DB-4651-A0E8-FB5D5EAF87E9}"
EndProject
Project("{9A19103F-16F7-4668-BE54-9A1E7A4F7556}") = "Payment.BusinessLayer", "src\Services\PaymentService\Payment.BusinessLayer\Payment.BusinessLayer.csproj", "{3AF966EF-BF96-470C-B149-7763383705E8}"
EndProject
Project("{9A19103F-16F7-4668-BE54-9A1E7A4F7556}") = "Payment.WebApi", "src\Services\PaymentService\Payment.WebApi\Payment.WebApi.csproj", "{8059C195-6CC3-4314-A2C7-13C93CD93CD9}"
EndProject
Project("{9A19103F-16F7-4668-BE54-9A1E7A4F7556}") = "Stock.EntityLayer", "src\Services\StockService\Stock.EntityLayer\Stock.EntityLayer.csproj", "{1DC8C248-FAD3-47EF-B262-43CCCFD8034C}"
EndProject
Project("{9A19103F-16F7-4668-BE54-9A1E7A4F7556}") = "Stock.DataAccessLayer", "src\Services\StockService\Stock.DataAccessLayer\Stock.DataAccessLayer.csproj", "{FB8BFF92-49B4-4EED-A605-7490C06D156C}"
EndProject
Project("{9A19103F-16F7-4668-BE54-9A1E7A4F7556}") = "Stock.BusinessLayer", "src\Services\StockService\Stock.BusinessLayer\Stock.BusinessLayer.csproj", "{049A9D7B-064B-4373-93A2-3062FD15F69C}"
EndProject
Project("{9A19103F-16F7-4668-BE54-9A1E7A4F7556}") = "Stock.WebApi", "src\Services\StockService\Stock.WebApi\Stock.WebApi.csproj", "{0F96E542-146C-40A2-A559-B568A9A28445}"
EndProject
Project("{9A19103F-16F7-4668-BE54-9A1E7A4F7556}") = "CompanyService.BusinessLayer", "src\Services\CompanyService\CompanyService.BusinessLayer\CompanyService.BusinessLayer.csproj", "{1BB2F9F2-C489-41BA-BDD6-5264CA535EB5}"
EndProject
Project("{9A19103F-16F7-4668-BE54-9A1E7A4F7556}") = "CompanyService.DataAccessLayer", "src\Services\CompanyService\CompanyService.DataAccessLayer\CompanyService.DataAccessLayer.csproj", "{BC5E72C5-1F86-4F42-A363-8A80D967F351}"
EndProject
Project("{9A19103F-16F7-4668-BE54-9A1E7A4F7556}") = "CompanyService.EntityLayer", "src\Services\CompanyService\CompanyService.EntityLayer\CompanyService.EntityLayer.csproj", "{8CC46B90-0BBB-43CD-BF63-24576E0EE668}"
EndProject
Project("{9A19103F-16F7-4668-BE54-9A1E7A4F7556}") = "CompanyService.WebApi", "src\Services\CompanyService\CompanyService.WebApi\CompanyService.WebApi.csproj", "{D0FC92E3-2244-4308-8644-46BB66A9991F}"
EndProject
Project("{9A19103F-16F7-4668-BE54-9A1E7A4F7556}") = "ProductService.EntityLayer", "src\Services\ProductService\ProductService.EntityLayer\ProductService.EntityLayer.csproj", "{D25EE429-FB5D-40F7-8766-9F03A94E3CFA}"
EndProject
Project("{9A19103F-16F7-4668-BE54-9A1E7A4F7556}") = "ProductService.DataAccessLayer", "src\Services\ProductService\ProductService.DataAccessLayer\ProductService.DataAccessLayer.csproj", "{5A99B93A-6D91-4351-8583-D970D0144121}"
EndProject
Project("{9A19103F-16F7-4668-BE54-9A1E7A4F7556}") = "ProductService.BusinessLayer", "src\Services\ProductService\ProductService.BusinessLayer\ProductService.BusinessLayer.csproj", "{E7FB19F0-D809-4690-93F0-0644BB3344AA}"
EndProject
Project("{9A19103F-16F7-4668-BE54-9A1E7A4F7556}") = "ProductService.WebAPI", "src\Services\ProductService\ProductService.WebAPI\ProductService.WebAPI.csproj", "{749BCAA7-FA92-43AB-A49D-81C6E03C4407}"
EndProject
Project("{9A19103F-16F7-4668-BE54-9A1E7A4F7556}") = "Shared", "Shared\Shared\Shared.csproj", "{E223794E-C7FC-4A69-953C-C75B0ED68053}"
EndProject
Project("{9A19103F-16F7-4668-BE54-9A1E7A4F7556}") = "ProductService.DtoLayer", "src\Services\ProductService\ProductService.DtoLayer\ProductService.DtoLayer.csproj", "{4C0AF81A-4945-4130-95B1-A05AF7DB1643}"
EndProject
Project("{2150E333-8FDC-42A3-9474-1A3956D46DE8}") = "Tests", "Tests", "{F8021764-346F-42B5-8FBA-26D6CFD6D829}"
EndProject
Project("{FAE04EC0-301F-11D3-BF4B-00C04F79EFBC}") = "Business.Tests", "src\Services\OrderService\Tests\Business.Tests\Business.Tests.csproj", "{31685628-B476-46BD-92CB-0EC4D8F26FD8}"
EndProject
Project("{FAE04EC0-301F-11D3-BF4B-00C04F79EFBC}") = "DataAccess.Tests", "src\Services\OrderService\Tests\DataAccess.Tests\DataAccess.Tests.csproj", "{24D6DBDA-7517-4EAA-ADF1-A89393ED3845}"
EndProject
Global
	GlobalSection(SolutionConfigurationPlatforms) = preSolution
		Debug|Any CPU = Debug|Any CPU
		Release|Any CPU = Release|Any CPU
	EndGlobalSection
	GlobalSection(ProjectConfigurationPlatforms) = postSolution
		{1BA8460D-22A5-4814-9740-F32664ECBD7E}.Debug|Any CPU.ActiveCfg = Debug|Any CPU
		{1BA8460D-22A5-4814-9740-F32664ECBD7E}.Debug|Any CPU.Build.0 = Debug|Any CPU
		{1BA8460D-22A5-4814-9740-F32664ECBD7E}.Release|Any CPU.ActiveCfg = Release|Any CPU
		{1BA8460D-22A5-4814-9740-F32664ECBD7E}.Release|Any CPU.Build.0 = Release|Any CPU
		{B0CFDD6C-B603-4F2B-9A54-FEF085731416}.Debug|Any CPU.ActiveCfg = Debug|Any CPU
		{B0CFDD6C-B603-4F2B-9A54-FEF085731416}.Debug|Any CPU.Build.0 = Debug|Any CPU
		{B0CFDD6C-B603-4F2B-9A54-FEF085731416}.Release|Any CPU.ActiveCfg = Release|Any CPU
		{B0CFDD6C-B603-4F2B-9A54-FEF085731416}.Release|Any CPU.Build.0 = Release|Any CPU
		{D6E4AB35-D35A-4C85-A93A-9D86D37B8902}.Debug|Any CPU.ActiveCfg = Debug|Any CPU
		{D6E4AB35-D35A-4C85-A93A-9D86D37B8902}.Debug|Any CPU.Build.0 = Debug|Any CPU
		{D6E4AB35-D35A-4C85-A93A-9D86D37B8902}.Release|Any CPU.ActiveCfg = Release|Any CPU
		{D6E4AB35-D35A-4C85-A93A-9D86D37B8902}.Release|Any CPU.Build.0 = Release|Any CPU
		{62804E14-68CF-4537-B04A-77C1E8A6F69E}.Debug|Any CPU.ActiveCfg = Debug|Any CPU
		{62804E14-68CF-4537-B04A-77C1E8A6F69E}.Debug|Any CPU.Build.0 = Debug|Any CPU
		{62804E14-68CF-4537-B04A-77C1E8A6F69E}.Release|Any CPU.ActiveCfg = Release|Any CPU
		{62804E14-68CF-4537-B04A-77C1E8A6F69E}.Release|Any CPU.Build.0 = Release|Any CPU
		{889E8FD5-1A36-403B-B1A8-02E451E17827}.Debug|Any CPU.ActiveCfg = Debug|Any CPU
		{889E8FD5-1A36-403B-B1A8-02E451E17827}.Debug|Any CPU.Build.0 = Debug|Any CPU
		{889E8FD5-1A36-403B-B1A8-02E451E17827}.Release|Any CPU.ActiveCfg = Release|Any CPU
		{889E8FD5-1A36-403B-B1A8-02E451E17827}.Release|Any CPU.Build.0 = Release|Any CPU
		{0F8F717D-E9DB-4651-A0E8-FB5D5EAF87E9}.Debug|Any CPU.ActiveCfg = Debug|Any CPU
		{0F8F717D-E9DB-4651-A0E8-FB5D5EAF87E9}.Debug|Any CPU.Build.0 = Debug|Any CPU
		{0F8F717D-E9DB-4651-A0E8-FB5D5EAF87E9}.Release|Any CPU.ActiveCfg = Release|Any CPU
		{0F8F717D-E9DB-4651-A0E8-FB5D5EAF87E9}.Release|Any CPU.Build.0 = Release|Any CPU
		{3AF966EF-BF96-470C-B149-7763383705E8}.Debug|Any CPU.ActiveCfg = Debug|Any CPU
		{3AF966EF-BF96-470C-B149-7763383705E8}.Debug|Any CPU.Build.0 = Debug|Any CPU
		{3AF966EF-BF96-470C-B149-7763383705E8}.Release|Any CPU.ActiveCfg = Release|Any CPU
		{3AF966EF-BF96-470C-B149-7763383705E8}.Release|Any CPU.Build.0 = Release|Any CPU
		{8059C195-6CC3-4314-A2C7-13C93CD93CD9}.Debug|Any CPU.ActiveCfg = Debug|Any CPU
		{8059C195-6CC3-4314-A2C7-13C93CD93CD9}.Debug|Any CPU.Build.0 = Debug|Any CPU
		{8059C195-6CC3-4314-A2C7-13C93CD93CD9}.Release|Any CPU.ActiveCfg = Release|Any CPU
		{8059C195-6CC3-4314-A2C7-13C93CD93CD9}.Release|Any CPU.Build.0 = Release|Any CPU
		{1DC8C248-FAD3-47EF-B262-43CCCFD8034C}.Debug|Any CPU.ActiveCfg = Debug|Any CPU
		{1DC8C248-FAD3-47EF-B262-43CCCFD8034C}.Debug|Any CPU.Build.0 = Debug|Any CPU
		{1DC8C248-FAD3-47EF-B262-43CCCFD8034C}.Release|Any CPU.ActiveCfg = Release|Any CPU
		{1DC8C248-FAD3-47EF-B262-43CCCFD8034C}.Release|Any CPU.Build.0 = Release|Any CPU
		{FB8BFF92-49B4-4EED-A605-7490C06D156C}.Debug|Any CPU.ActiveCfg = Debug|Any CPU
		{FB8BFF92-49B4-4EED-A605-7490C06D156C}.Debug|Any CPU.Build.0 = Debug|Any CPU
		{FB8BFF92-49B4-4EED-A605-7490C06D156C}.Release|Any CPU.ActiveCfg = Release|Any CPU
		{FB8BFF92-49B4-4EED-A605-7490C06D156C}.Release|Any CPU.Build.0 = Release|Any CPU
		{049A9D7B-064B-4373-93A2-3062FD15F69C}.Debug|Any CPU.ActiveCfg = Debug|Any CPU
		{049A9D7B-064B-4373-93A2-3062FD15F69C}.Debug|Any CPU.Build.0 = Debug|Any CPU
		{049A9D7B-064B-4373-93A2-3062FD15F69C}.Release|Any CPU.ActiveCfg = Release|Any CPU
		{049A9D7B-064B-4373-93A2-3062FD15F69C}.Release|Any CPU.Build.0 = Release|Any CPU
		{0F96E542-146C-40A2-A559-B568A9A28445}.Debug|Any CPU.ActiveCfg = Debug|Any CPU
		{0F96E542-146C-40A2-A559-B568A9A28445}.Debug|Any CPU.Build.0 = Debug|Any CPU
		{0F96E542-146C-40A2-A559-B568A9A28445}.Release|Any CPU.ActiveCfg = Release|Any CPU
		{0F96E542-146C-40A2-A559-B568A9A28445}.Release|Any CPU.Build.0 = Release|Any CPU
		{1BB2F9F2-C489-41BA-BDD6-5264CA535EB5}.Debug|Any CPU.ActiveCfg = Debug|Any CPU
		{1BB2F9F2-C489-41BA-BDD6-5264CA535EB5}.Debug|Any CPU.Build.0 = Debug|Any CPU
		{1BB2F9F2-C489-41BA-BDD6-5264CA535EB5}.Release|Any CPU.ActiveCfg = Release|Any CPU
		{1BB2F9F2-C489-41BA-BDD6-5264CA535EB5}.Release|Any CPU.Build.0 = Release|Any CPU
		{BC5E72C5-1F86-4F42-A363-8A80D967F351}.Debug|Any CPU.ActiveCfg = Debug|Any CPU
		{BC5E72C5-1F86-4F42-A363-8A80D967F351}.Debug|Any CPU.Build.0 = Debug|Any CPU
		{BC5E72C5-1F86-4F42-A363-8A80D967F351}.Release|Any CPU.ActiveCfg = Release|Any CPU
		{BC5E72C5-1F86-4F42-A363-8A80D967F351}.Release|Any CPU.Build.0 = Release|Any CPU
		{8CC46B90-0BBB-43CD-BF63-24576E0EE668}.Debug|Any CPU.ActiveCfg = Debug|Any CPU
		{8CC46B90-0BBB-43CD-BF63-24576E0EE668}.Debug|Any CPU.Build.0 = Debug|Any CPU
		{8CC46B90-0BBB-43CD-BF63-24576E0EE668}.Release|Any CPU.ActiveCfg = Release|Any CPU
		{8CC46B90-0BBB-43CD-BF63-24576E0EE668}.Release|Any CPU.Build.0 = Release|Any CPU
		{D0FC92E3-2244-4308-8644-46BB66A9991F}.Debug|Any CPU.ActiveCfg = Debug|Any CPU
		{D0FC92E3-2244-4308-8644-46BB66A9991F}.Debug|Any CPU.Build.0 = Debug|Any CPU
		{D0FC92E3-2244-4308-8644-46BB66A9991F}.Release|Any CPU.ActiveCfg = Release|Any CPU
		{D0FC92E3-2244-4308-8644-46BB66A9991F}.Release|Any CPU.Build.0 = Release|Any CPU
		{D25EE429-FB5D-40F7-8766-9F03A94E3CFA}.Debug|Any CPU.ActiveCfg = Debug|Any CPU
		{D25EE429-FB5D-40F7-8766-9F03A94E3CFA}.Debug|Any CPU.Build.0 = Debug|Any CPU
		{D25EE429-FB5D-40F7-8766-9F03A94E3CFA}.Release|Any CPU.ActiveCfg = Release|Any CPU
		{D25EE429-FB5D-40F7-8766-9F03A94E3CFA}.Release|Any CPU.Build.0 = Release|Any CPU
		{5A99B93A-6D91-4351-8583-D970D0144121}.Debug|Any CPU.ActiveCfg = Debug|Any CPU
		{5A99B93A-6D91-4351-8583-D970D0144121}.Debug|Any CPU.Build.0 = Debug|Any CPU
		{5A99B93A-6D91-4351-8583-D970D0144121}.Release|Any CPU.ActiveCfg = Release|Any CPU
		{5A99B93A-6D91-4351-8583-D970D0144121}.Release|Any CPU.Build.0 = Release|Any CPU
		{E7FB19F0-D809-4690-93F0-0644BB3344AA}.Debug|Any CPU.ActiveCfg = Debug|Any CPU
		{E7FB19F0-D809-4690-93F0-0644BB3344AA}.Debug|Any CPU.Build.0 = Debug|Any CPU
		{E7FB19F0-D809-4690-93F0-0644BB3344AA}.Release|Any CPU.ActiveCfg = Release|Any CPU
		{E7FB19F0-D809-4690-93F0-0644BB3344AA}.Release|Any CPU.Build.0 = Release|Any CPU
		{749BCAA7-FA92-43AB-A49D-81C6E03C4407}.Debug|Any CPU.ActiveCfg = Debug|Any CPU
		{749BCAA7-FA92-43AB-A49D-81C6E03C4407}.Debug|Any CPU.Build.0 = Debug|Any CPU
		{749BCAA7-FA92-43AB-A49D-81C6E03C4407}.Release|Any CPU.ActiveCfg = Release|Any CPU
		{749BCAA7-FA92-43AB-A49D-81C6E03C4407}.Release|Any CPU.Build.0 = Release|Any CPU
		{E223794E-C7FC-4A69-953C-C75B0ED68053}.Debug|Any CPU.ActiveCfg = Debug|Any CPU
		{E223794E-C7FC-4A69-953C-C75B0ED68053}.Debug|Any CPU.Build.0 = Debug|Any CPU
		{E223794E-C7FC-4A69-953C-C75B0ED68053}.Release|Any CPU.ActiveCfg = Release|Any CPU
		{E223794E-C7FC-4A69-953C-C75B0ED68053}.Release|Any CPU.Build.0 = Release|Any CPU
		{4C0AF81A-4945-4130-95B1-A05AF7DB1643}.Debug|Any CPU.ActiveCfg = Debug|Any CPU
		{4C0AF81A-4945-4130-95B1-A05AF7DB1643}.Debug|Any CPU.Build.0 = Debug|Any CPU
		{4C0AF81A-4945-4130-95B1-A05AF7DB1643}.Release|Any CPU.ActiveCfg = Release|Any CPU
		{4C0AF81A-4945-4130-95B1-A05AF7DB1643}.Release|Any CPU.Build.0 = Release|Any CPU
		{31685628-B476-46BD-92CB-0EC4D8F26FD8}.Debug|Any CPU.ActiveCfg = Debug|Any CPU
		{31685628-B476-46BD-92CB-0EC4D8F26FD8}.Debug|Any CPU.Build.0 = Debug|Any CPU
		{31685628-B476-46BD-92CB-0EC4D8F26FD8}.Release|Any CPU.ActiveCfg = Release|Any CPU
		{31685628-B476-46BD-92CB-0EC4D8F26FD8}.Release|Any CPU.Build.0 = Release|Any CPU
		{24D6DBDA-7517-4EAA-ADF1-A89393ED3845}.Debug|Any CPU.ActiveCfg = Debug|Any CPU
		{24D6DBDA-7517-4EAA-ADF1-A89393ED3845}.Debug|Any CPU.Build.0 = Debug|Any CPU
		{24D6DBDA-7517-4EAA-ADF1-A89393ED3845}.Release|Any CPU.ActiveCfg = Release|Any CPU
		{24D6DBDA-7517-4EAA-ADF1-A89393ED3845}.Release|Any CPU.Build.0 = Release|Any CPU
	EndGlobalSection
	GlobalSection(SolutionProperties) = preSolution
		HideSolutionNode = FALSE
	EndGlobalSection
	GlobalSection(NestedProjects) = preSolution
		{23BB15BB-C943-4448-99C8-F844D16DBC34} = {E7BA0CFE-1208-4C4E-82EA-B0138B1335E3}
		{AE14F761-1B1A-42C9-A09C-4EB24A7AD599} = {E7BA0CFE-1208-4C4E-82EA-B0138B1335E3}
		{49EF064B-8C34-48BD-84B2-2AD221A3034B} = {23BB15BB-C943-4448-99C8-F844D16DBC34}
		{D06EE74A-CB55-4842-A062-2A3EA3F0BE67} = {23BB15BB-C943-4448-99C8-F844D16DBC34}
		{0ED6D075-8FDD-42BC-8662-15ED8F123FC4} = {23BB15BB-C943-4448-99C8-F844D16DBC34}
		{231C9ECD-E9CD-4B65-91A6-A8D4F48A7B9D} = {23BB15BB-C943-4448-99C8-F844D16DBC34}
		{7137BF80-2AF9-4AF5-ADFF-7DFB27D45494} = {23BB15BB-C943-4448-99C8-F844D16DBC34}
		{1BA8460D-22A5-4814-9740-F32664ECBD7E} = {49EF064B-8C34-48BD-84B2-2AD221A3034B}
		{B0CFDD6C-B603-4F2B-9A54-FEF085731416} = {49EF064B-8C34-48BD-84B2-2AD221A3034B}
		{D6E4AB35-D35A-4C85-A93A-9D86D37B8902} = {49EF064B-8C34-48BD-84B2-2AD221A3034B}
		{62804E14-68CF-4537-B04A-77C1E8A6F69E} = {49EF064B-8C34-48BD-84B2-2AD221A3034B}
		{889E8FD5-1A36-403B-B1A8-02E451E17827} = {231C9ECD-E9CD-4B65-91A6-A8D4F48A7B9D}
		{0F8F717D-E9DB-4651-A0E8-FB5D5EAF87E9} = {231C9ECD-E9CD-4B65-91A6-A8D4F48A7B9D}
		{3AF966EF-BF96-470C-B149-7763383705E8} = {231C9ECD-E9CD-4B65-91A6-A8D4F48A7B9D}
		{8059C195-6CC3-4314-A2C7-13C93CD93CD9} = {231C9ECD-E9CD-4B65-91A6-A8D4F48A7B9D}
		{1DC8C248-FAD3-47EF-B262-43CCCFD8034C} = {D06EE74A-CB55-4842-A062-2A3EA3F0BE67}
		{FB8BFF92-49B4-4EED-A605-7490C06D156C} = {D06EE74A-CB55-4842-A062-2A3EA3F0BE67}
		{049A9D7B-064B-4373-93A2-3062FD15F69C} = {D06EE74A-CB55-4842-A062-2A3EA3F0BE67}
		{0F96E542-146C-40A2-A559-B568A9A28445} = {D06EE74A-CB55-4842-A062-2A3EA3F0BE67}
		{1BB2F9F2-C489-41BA-BDD6-5264CA535EB5} = {7137BF80-2AF9-4AF5-ADFF-7DFB27D45494}
		{BC5E72C5-1F86-4F42-A363-8A80D967F351} = {7137BF80-2AF9-4AF5-ADFF-7DFB27D45494}
		{8CC46B90-0BBB-43CD-BF63-24576E0EE668} = {7137BF80-2AF9-4AF5-ADFF-7DFB27D45494}
		{D0FC92E3-2244-4308-8644-46BB66A9991F} = {7137BF80-2AF9-4AF5-ADFF-7DFB27D45494}
		{D25EE429-FB5D-40F7-8766-9F03A94E3CFA} = {0ED6D075-8FDD-42BC-8662-15ED8F123FC4}
		{5A99B93A-6D91-4351-8583-D970D0144121} = {0ED6D075-8FDD-42BC-8662-15ED8F123FC4}
		{E7FB19F0-D809-4690-93F0-0644BB3344AA} = {0ED6D075-8FDD-42BC-8662-15ED8F123FC4}
		{749BCAA7-FA92-43AB-A49D-81C6E03C4407} = {0ED6D075-8FDD-42BC-8662-15ED8F123FC4}
		{E223794E-C7FC-4A69-953C-C75B0ED68053} = {AE14F761-1B1A-42C9-A09C-4EB24A7AD599}
		{4C0AF81A-4945-4130-95B1-A05AF7DB1643} = {0ED6D075-8FDD-42BC-8662-15ED8F123FC4}
		{F8021764-346F-42B5-8FBA-26D6CFD6D829} = {49EF064B-8C34-48BD-84B2-2AD221A3034B}
		{31685628-B476-46BD-92CB-0EC4D8F26FD8} = {F8021764-346F-42B5-8FBA-26D6CFD6D829}
		{24D6DBDA-7517-4EAA-ADF1-A89393ED3845} = {F8021764-346F-42B5-8FBA-26D6CFD6D829}
	EndGlobalSection
	GlobalSection(ExtensibilityGlobals) = postSolution
		SolutionGuid = {07C70097-ECD8-4003-B03A-ABE49AD77573}
	EndGlobalSection
EndGlobal
